
Microsoft Visual Studio Solution File, Format Version 12.00
# Visual Studio Version 17
VisualStudioVersion = 17.4.33103.184
MinimumVisualStudioVersion = 10.0.40219.1
Project("{FAE04EC0-301F-11D3-BF4B-00C04F79EFBC}") = "ServiceForRssSubscriptionManagement", "ServiceForRssSubscriptionManagement\ServiceForRssSubscriptionManagement.csproj", "{73B19D48-975B-4ABE-B2DD-7CCFA2A2C8AE}"
EndProject
Global
	GlobalSection(SolutionConfigurationPlatforms) = preSolution
		Debug|Any CPU = Debug|Any CPU
		Release|Any CPU = Release|Any CPU
	EndGlobalSection
	GlobalSection(ProjectConfigurationPlatforms) = postSolution
		{73B19D48-975B-4ABE-B2DD-7CCFA2A2C8AE}.Debug|Any CPU.ActiveCfg = Debug|Any CPU
		{73B19D48-975B-4ABE-B2DD-7CCFA2A2C8AE}.Debug|Any CPU.Build.0 = Debug|Any CPU
		{73B19D48-975B-4ABE-B2DD-7CCFA2A2C8AE}.Release|Any CPU.ActiveCfg = Release|Any CPU
		{73B19D48-975B-4ABE-B2DD-7CCFA2A2C8AE}.Release|Any CPU.Build.0 = Release|Any CPU
	EndGlobalSection
	GlobalSection(SolutionProperties) = preSolution
		HideSolutionNode = FALSE
	EndGlobalSection
	GlobalSection(ExtensibilityGlobals) = postSolution
		SolutionGuid = {E02E8A1A-140E-4FEC-AFD6-58E5A5000438}
	EndGlobalSection
EndGlobal
